
Microsoft Visual Studio Solution File, Format Version 12.00
# Visual Studio Version 17
VisualStudioVersion = 17.12.35527.113
MinimumVisualStudioVersion = 10.0.40219.1
Project("{2150E333-8FDC-42A3-9474-1A3956D46DE8}") = "Services", "Services", "{B23327F1-593B-42BD-B809-D097E5A019D5}"
EndProject
Project("{2150E333-8FDC-42A3-9474-1A3956D46DE8}") = "Authentication", "Authentication", "{6B43280B-A9FD-4EC8-9BA4-4F008B65950C}"
EndProject
Project("{FAE04EC0-301F-11D3-BF4B-00C04F79EFBC}") = "Authentication.API", "Services\Authentication\Authentication.API\Authentication.API.csproj", "{84858C53-7C96-4D72-8AA3-69D6578ED162}"
EndProject
Project("{2150E333-8FDC-42A3-9474-1A3956D46DE8}") = "Shared", "Shared", "{489BB9B4-8DF5-4543-816B-2D5CDD58B6FC}"
EndProject
Project("{FAE04EC0-301F-11D3-BF4B-00C04F79EFBC}") = "Shared.Messaging", "Shared\Shared.Messaging\Shared.Messaging.csproj", "{72F0E744-F5C9-4CA4-9E41-57F2E6C6EA1D}"
EndProject
Project("{FAE04EC0-301F-11D3-BF4B-00C04F79EFBC}") = "Shared", "Shared\Shared\Shared.csproj", "{9F79679B-7F25-4012-A83D-E77D736F5890}"
EndProject
Project("{2150E333-8FDC-42A3-9474-1A3956D46DE8}") = "LoadTests", "LoadTests", "{DC144413-39DA-4EE3-AF57-9E205D377F1F}"
EndProject
Project("{FAE04EC0-301F-11D3-BF4B-00C04F79EFBC}") = "ConfyMicroservices.LoadTests", "LoadTests\ConfyMicroservices.LoadTests\ConfyMicroservices.LoadTests.csproj", "{BF80AA19-82C4-4EA6-B042-2C6B13962206}"
EndProject
Project("{E53339B2-1760-4266-BCC7-CA923CBCF16C}") = "docker-compose", "docker-compose.dcproj", "{B233ECD3-B2EE-4A60-B0BD-2F37744E0CFB}"
EndProject
Project("{2150E333-8FDC-42A3-9474-1A3956D46DE8}") = "ApiGateways", "ApiGateways", "{89861344-0CB5-4D95-A298-AE14A673D67A}"
EndProject
Project("{FAE04EC0-301F-11D3-BF4B-00C04F79EFBC}") = "YarpApiGateway", "ApiGateways\YarpApiGateway\YarpApiGateway.csproj", "{9C6FBAB5-796D-4051-B344-9B30E7137D50}"
EndProject
Project("{2150E333-8FDC-42A3-9474-1A3956D46DE8}") = "ConferenceManagement", "ConferenceManagement", "{8355BFFF-CF37-4694-9971-C66AA984C304}"
EndProject
Project("{FAE04EC0-301F-11D3-BF4B-00C04F79EFBC}") = "ConferenceManagement.API", "Services\ConferenceManagement\ConferenceManagement.API\ConferenceManagement.API.csproj", "{CAC371A1-E4A6-4FA5-9518-A36B685A4F25}"
EndProject
Global
	GlobalSection(SolutionConfigurationPlatforms) = preSolution
		Debug|Any CPU = Debug|Any CPU
		Release|Any CPU = Release|Any CPU
	EndGlobalSection
	GlobalSection(ProjectConfigurationPlatforms) = postSolution
		{84858C53-7C96-4D72-8AA3-69D6578ED162}.Debug|Any CPU.ActiveCfg = Debug|Any CPU
		{84858C53-7C96-4D72-8AA3-69D6578ED162}.Debug|Any CPU.Build.0 = Debug|Any CPU
		{84858C53-7C96-4D72-8AA3-69D6578ED162}.Release|Any CPU.ActiveCfg = Release|Any CPU
		{84858C53-7C96-4D72-8AA3-69D6578ED162}.Release|Any CPU.Build.0 = Release|Any CPU
		{72F0E744-F5C9-4CA4-9E41-57F2E6C6EA1D}.Debug|Any CPU.ActiveCfg = Debug|Any CPU
		{72F0E744-F5C9-4CA4-9E41-57F2E6C6EA1D}.Debug|Any CPU.Build.0 = Debug|Any CPU
		{72F0E744-F5C9-4CA4-9E41-57F2E6C6EA1D}.Release|Any CPU.ActiveCfg = Release|Any CPU
		{72F0E744-F5C9-4CA4-9E41-57F2E6C6EA1D}.Release|Any CPU.Build.0 = Release|Any CPU
		{9F79679B-7F25-4012-A83D-E77D736F5890}.Debug|Any CPU.ActiveCfg = Debug|Any CPU
		{9F79679B-7F25-4012-A83D-E77D736F5890}.Debug|Any CPU.Build.0 = Debug|Any CPU
		{9F79679B-7F25-4012-A83D-E77D736F5890}.Release|Any CPU.ActiveCfg = Release|Any CPU
		{9F79679B-7F25-4012-A83D-E77D736F5890}.Release|Any CPU.Build.0 = Release|Any CPU
		{BF80AA19-82C4-4EA6-B042-2C6B13962206}.Debug|Any CPU.ActiveCfg = Debug|Any CPU
		{BF80AA19-82C4-4EA6-B042-2C6B13962206}.Debug|Any CPU.Build.0 = Debug|Any CPU
		{BF80AA19-82C4-4EA6-B042-2C6B13962206}.Release|Any CPU.ActiveCfg = Release|Any CPU
		{BF80AA19-82C4-4EA6-B042-2C6B13962206}.Release|Any CPU.Build.0 = Release|Any CPU
		{B233ECD3-B2EE-4A60-B0BD-2F37744E0CFB}.Debug|Any CPU.ActiveCfg = Debug|Any CPU
		{B233ECD3-B2EE-4A60-B0BD-2F37744E0CFB}.Debug|Any CPU.Build.0 = Debug|Any CPU
		{B233ECD3-B2EE-4A60-B0BD-2F37744E0CFB}.Release|Any CPU.ActiveCfg = Release|Any CPU
		{B233ECD3-B2EE-4A60-B0BD-2F37744E0CFB}.Release|Any CPU.Build.0 = Release|Any CPU
		{9C6FBAB5-796D-4051-B344-9B30E7137D50}.Debug|Any CPU.ActiveCfg = Debug|Any CPU
		{9C6FBAB5-796D-4051-B344-9B30E7137D50}.Debug|Any CPU.Build.0 = Debug|Any CPU
		{9C6FBAB5-796D-4051-B344-9B30E7137D50}.Release|Any CPU.ActiveCfg = Release|Any CPU
		{9C6FBAB5-796D-4051-B344-9B30E7137D50}.Release|Any CPU.Build.0 = Release|Any CPU
		{CAC371A1-E4A6-4FA5-9518-A36B685A4F25}.Debug|Any CPU.ActiveCfg = Debug|Any CPU
		{CAC371A1-E4A6-4FA5-9518-A36B685A4F25}.Debug|Any CPU.Build.0 = Debug|Any CPU
		{CAC371A1-E4A6-4FA5-9518-A36B685A4F25}.Release|Any CPU.ActiveCfg = Release|Any CPU
		{CAC371A1-E4A6-4FA5-9518-A36B685A4F25}.Release|Any CPU.Build.0 = Release|Any CPU
	EndGlobalSection
	GlobalSection(SolutionProperties) = preSolution
		HideSolutionNode = FALSE
	EndGlobalSection
	GlobalSection(NestedProjects) = preSolution
		{6B43280B-A9FD-4EC8-9BA4-4F008B65950C} = {B23327F1-593B-42BD-B809-D097E5A019D5}
		{84858C53-7C96-4D72-8AA3-69D6578ED162} = {6B43280B-A9FD-4EC8-9BA4-4F008B65950C}
		{72F0E744-F5C9-4CA4-9E41-57F2E6C6EA1D} = {489BB9B4-8DF5-4543-816B-2D5CDD58B6FC}
		{9F79679B-7F25-4012-A83D-E77D736F5890} = {489BB9B4-8DF5-4543-816B-2D5CDD58B6FC}
		{BF80AA19-82C4-4EA6-B042-2C6B13962206} = {DC144413-39DA-4EE3-AF57-9E205D377F1F}
		{9C6FBAB5-796D-4051-B344-9B30E7137D50} = {89861344-0CB5-4D95-A298-AE14A673D67A}
		{8355BFFF-CF37-4694-9971-C66AA984C304} = {B23327F1-593B-42BD-B809-D097E5A019D5}
		{CAC371A1-E4A6-4FA5-9518-A36B685A4F25} = {8355BFFF-CF37-4694-9971-C66AA984C304}
	EndGlobalSection
EndGlobal
