
Microsoft Visual Studio Solution File, Format Version 12.00
# Visual Studio Version 17
VisualStudioVersion = 17.12.35527.113
MinimumVisualStudioVersion = 10.0.40219.1
Project("{2150E333-8FDC-42A3-9474-1A3956D46DE8}") = "Services", "Services", "{B23327F1-593B-42BD-B809-D097E5A019D5}"
EndProject
Project("{2150E333-8FDC-42A3-9474-1A3956D46DE8}") = "Authentication", "Authentication", "{6B43280B-A9FD-4EC8-9BA4-4F008B65950C}"
EndProject
Project("{FAE04EC0-301F-11D3-BF4B-00C04F79EFBC}") = "Authentication.API", "Services\Authentication\Authentication.API\Authentication.API.csproj", "{84858C53-7C96-4D72-8AA3-69D6578ED162}"
EndProject
Global
	GlobalSection(SolutionConfigurationPlatforms) = preSolution
		Debug|Any CPU = Debug|Any CPU
		Release|Any CPU = Release|Any CPU
	EndGlobalSection
	GlobalSection(ProjectConfigurationPlatforms) = postSolution
		{84858C53-7C96-4D72-8AA3-69D6578ED162}.Debug|Any CPU.ActiveCfg = Debug|Any CPU
		{84858C53-7C96-4D72-8AA3-69D6578ED162}.Debug|Any CPU.Build.0 = Debug|Any CPU
		{84858C53-7C96-4D72-8AA3-69D6578ED162}.Release|Any CPU.ActiveCfg = Release|Any CPU
		{84858C53-7C96-4D72-8AA3-69D6578ED162}.Release|Any CPU.Build.0 = Release|Any CPU
	EndGlobalSection
	GlobalSection(SolutionProperties) = preSolution
		HideSolutionNode = FALSE
	EndGlobalSection
	GlobalSection(NestedProjects) = preSolution
		{6B43280B-A9FD-4EC8-9BA4-4F008B65950C} = {B23327F1-593B-42BD-B809-D097E5A019D5}
		{84858C53-7C96-4D72-8AA3-69D6578ED162} = {6B43280B-A9FD-4EC8-9BA4-4F008B65950C}
	EndGlobalSection
EndGlobal
